
Microsoft Visual Studio Solution File, Format Version 12.00
# Visual Studio Version 16
VisualStudioVersion = 16.0.30804.86
MinimumVisualStudioVersion = 10.0.40219.1
Project("{FAE04EC0-301F-11D3-BF4B-00C04F79EFBC}") = "Split", "Split.csproj", "{C792F98B-21AB-48AF-B717-5D0629E42684}"
EndProject
Global
	GlobalSection(SolutionConfigurationPlatforms) = preSolution
		Debug|Any CPU = Debug|Any CPU
		Release|Any CPU = Release|Any CPU
	EndGlobalSection
	GlobalSection(ProjectConfigurationPlatforms) = postSolution
		{C792F98B-21AB-48AF-B717-5D0629E42684}.Debug|Any CPU.ActiveCfg = Debug|Any CPU
		{C792F98B-21AB-48AF-B717-5D0629E42684}.Debug|Any CPU.Build.0 = Debug|Any CPU
		{C792F98B-21AB-48AF-B717-5D0629E42684}.Release|Any CPU.ActiveCfg = Release|Any CPU
		{C792F98B-21AB-48AF-B717-5D0629E42684}.Release|Any CPU.Build.0 = Release|Any CPU
	EndGlobalSection
	GlobalSection(SolutionProperties) = preSolution
		HideSolutionNode = FALSE
	EndGlobalSection
	GlobalSection(ExtensibilityGlobals) = postSolution
		SolutionGuid = {E51B5C81-2AA4-42FD-A96A-5515872B1AEE}
	EndGlobalSection
EndGlobal
